
Microsoft Visual Studio Solution File, Format Version 12.00
# Visual Studio Version 17
VisualStudioVersion = 17.0.32112.339
MinimumVisualStudioVersion = 10.0.40219.1
Project("{FAE04EC0-301F-11D3-BF4B-00C04F79EFBC}") = "MatchGame", "MatchGame\MatchGame.csproj", "{698235C3-CD12-46A5-868F-E40B6CD83384}"
EndProject
Global
	GlobalSection(SolutionConfigurationPlatforms) = preSolution
		Debug|Any CPU = Debug|Any CPU
		Release|Any CPU = Release|Any CPU
	EndGlobalSection
	GlobalSection(ProjectConfigurationPlatforms) = postSolution
		{698235C3-CD12-46A5-868F-E40B6CD83384}.Debug|Any CPU.ActiveCfg = Debug|Any CPU
		{698235C3-CD12-46A5-868F-E40B6CD83384}.Debug|Any CPU.Build.0 = Debug|Any CPU
		{698235C3-CD12-46A5-868F-E40B6CD83384}.Release|Any CPU.ActiveCfg = Release|Any CPU
		{698235C3-CD12-46A5-868F-E40B6CD83384}.Release|Any CPU.Build.0 = Release|Any CPU
	EndGlobalSection
	GlobalSection(SolutionProperties) = preSolution
		HideSolutionNode = FALSE
	EndGlobalSection
	GlobalSection(ExtensibilityGlobals) = postSolution
		SolutionGuid = {E2667DE9-6636-4583-9A50-9A4267095B2D}
	EndGlobalSection
EndGlobal
